
Microsoft Visual Studio Solution File, Format Version 12.00
# Visual Studio Version 17
VisualStudioVersion = 17.3.32929.385
MinimumVisualStudioVersion = 10.0.40219.1
Project("{FAE04EC0-301F-11D3-BF4B-00C04F79EFBC}") = "WindowsFormsApp1", "WindowsFormsApp1\WindowsFormsApp1.csproj", "{476F6A40-A635-4F11-83D0-9ADDF8F5B027}"
EndProject
Global
	GlobalSection(SolutionConfigurationPlatforms) = preSolution
		Debug|Any CPU = Debug|Any CPU
		Release|Any CPU = Release|Any CPU
	EndGlobalSection
	GlobalSection(ProjectConfigurationPlatforms) = postSolution
		{476F6A40-A635-4F11-83D0-9ADDF8F5B027}.Debug|Any CPU.ActiveCfg = Debug|Any CPU
		{476F6A40-A635-4F11-83D0-9ADDF8F5B027}.Debug|Any CPU.Build.0 = Debug|Any CPU
		{476F6A40-A635-4F11-83D0-9ADDF8F5B027}.Release|Any CPU.ActiveCfg = Release|Any CPU
		{476F6A40-A635-4F11-83D0-9ADDF8F5B027}.Release|Any CPU.Build.0 = Release|Any CPU
	EndGlobalSection
	GlobalSection(SolutionProperties) = preSolution
		HideSolutionNode = FALSE
	EndGlobalSection
	GlobalSection(ExtensibilityGlobals) = postSolution
		SolutionGuid = {277B2B96-8BAE-4843-9A83-674E93E143C8}
	EndGlobalSection
EndGlobal
